
Microsoft Visual Studio Solution File, Format Version 12.00
# Visual Studio Version 17
VisualStudioVersion = 17.0.31903.59
MinimumVisualStudioVersion = 10.0.40219.1
Project("{2150E333-8FDC-42A3-9474-1A3956D46DE8}") = "src", "src", "{DC1D781E-7DC7-421F-8686-DE5AA834799F}"
EndProject
Project("{FAE04EC0-301F-11D3-BF4B-00C04F79EFBC}") = "TurnFlow.Core", "src\TurnFlow.Core\TurnFlow.Core.csproj", "{4EB0FF86-1CC5-4E80-8D70-B39275549268}"
EndProject
Project("{2150E333-8FDC-42A3-9474-1A3956D46DE8}") = "tests", "tests", "{2597F464-5E1C-4F2E-AAE6-A1DC854E9EEB}"
EndProject
Project("{FAE04EC0-301F-11D3-BF4B-00C04F79EFBC}") = "TurnFlow.Core.Tests", "tests\TurnFlow.Core.Tests\TurnFlow.Core.Tests.csproj", "{9D1D2774-F170-4D73-8267-2AE60AA066AD}"
EndProject
Global
	GlobalSection(SolutionConfigurationPlatforms) = preSolution
		Debug|Any CPU = Debug|Any CPU
		Release|Any CPU = Release|Any CPU
	EndGlobalSection
	GlobalSection(SolutionProperties) = preSolution
		HideSolutionNode = FALSE
	EndGlobalSection
	GlobalSection(ProjectConfigurationPlatforms) = postSolution
		{4EB0FF86-1CC5-4E80-8D70-B39275549268}.Debug|Any CPU.ActiveCfg = Debug|Any CPU
		{4EB0FF86-1CC5-4E80-8D70-B39275549268}.Debug|Any CPU.Build.0 = Debug|Any CPU
		{4EB0FF86-1CC5-4E80-8D70-B39275549268}.Release|Any CPU.ActiveCfg = Release|Any CPU
		{4EB0FF86-1CC5-4E80-8D70-B39275549268}.Release|Any CPU.Build.0 = Release|Any CPU
		{9D1D2774-F170-4D73-8267-2AE60AA066AD}.Debug|Any CPU.ActiveCfg = Debug|Any CPU
		{9D1D2774-F170-4D73-8267-2AE60AA066AD}.Debug|Any CPU.Build.0 = Debug|Any CPU
		{9D1D2774-F170-4D73-8267-2AE60AA066AD}.Release|Any CPU.ActiveCfg = Release|Any CPU
		{9D1D2774-F170-4D73-8267-2AE60AA066AD}.Release|Any CPU.Build.0 = Release|Any CPU
	EndGlobalSection
	GlobalSection(NestedProjects) = preSolution
		{4EB0FF86-1CC5-4E80-8D70-B39275549268} = {DC1D781E-7DC7-421F-8686-DE5AA834799F}
		{9D1D2774-F170-4D73-8267-2AE60AA066AD} = {2597F464-5E1C-4F2E-AAE6-A1DC854E9EEB}
	EndGlobalSection
EndGlobal
